
Microsoft Visual Studio Solution File, Format Version 12.00
# Visual Studio 2012
Project("{FAE04EC0-301F-11D3-BF4B-00C04F79EFBC}") = "Calculator", "Calculator\Calculator.csproj", "{226CBD60-F570-4607-B159-55C04CA6EA9B}"
EndProject
Project("{FAE04EC0-301F-11D3-BF4B-00C04F79EFBC}") = "UserInput", "UserInput\UserInput.csproj", "{83185CC4-BE83-469A-A206-E7E911212AE5}"
EndProject
Global
	GlobalSection(SolutionConfigurationPlatforms) = preSolution
		Debug|x86 = Debug|x86
		Release|x86 = Release|x86
	EndGlobalSection
	GlobalSection(ProjectConfigurationPlatforms) = postSolution
		{226CBD60-F570-4607-B159-55C04CA6EA9B}.Debug|x86.ActiveCfg = Debug|x86
		{226CBD60-F570-4607-B159-55C04CA6EA9B}.Debug|x86.Build.0 = Debug|x86
		{226CBD60-F570-4607-B159-55C04CA6EA9B}.Release|x86.ActiveCfg = Release|x86
		{226CBD60-F570-4607-B159-55C04CA6EA9B}.Release|x86.Build.0 = Release|x86
		{83185CC4-BE83-469A-A206-E7E911212AE5}.Debug|x86.ActiveCfg = Debug|Any CPU
		{83185CC4-BE83-469A-A206-E7E911212AE5}.Debug|x86.Build.0 = Debug|Any CPU
		{83185CC4-BE83-469A-A206-E7E911212AE5}.Release|x86.ActiveCfg = Release|Any CPU
		{83185CC4-BE83-469A-A206-E7E911212AE5}.Release|x86.Build.0 = Release|Any CPU
	EndGlobalSection
EndGlobal
